// !$*UTF8*$!
{
	archiveVersion = 1;
	classes = {
	};
	objectVersion = 48;
	objects = {

/* Begin PBXBuildFile section */
		848E11A71FB072550082A9AD /* AppDelegate.m in Sources */ = {isa = PBXBuildFile; fileRef = 848E11A61FB072550082A9AD /* AppDelegate.m */; };
		848E11AA1FB072550082A9AD /* ViewController.m in Sources */ = {isa = PBXBuildFile; fileRef = 848E11A91FB072550082A9AD /* ViewController.m */; };
		848E11AD1FB072550082A9AD /* Main.storyboard in Resources */ = {isa = PBXBuildFile; fileRef = 848E11AB1FB072550082A9AD /* Main.storyboard */; };
		848E11AF1FB072550082A9AD /* Assets.xcassets in Resources */ = {isa = PBXBuildFile; fileRef = 848E11AE1FB072550082A9AD /* Assets.xcassets */; };
		848E11B21FB072550082A9AD /* LaunchScreen.storyboard in Resources */ = {isa = PBXBuildFile; fileRef = 848E11B01FB072550082A9AD /* LaunchScreen.storyboard */; };
		848E11B51FB072550082A9AD /* main.m in Sources */ = {isa = PBXBuildFile; fileRef = 848E11B41FB072550082A9AD /* main.m */; };
		848E11BE1FB073330082A9AD /* UIControl+BridgeButton.m in Sources */ = {isa = PBXBuildFile; fileRef = 848E11BD1FB073330082A9AD /* UIControl+BridgeButton.m */; };
		848E11C11FB0758F0082A9AD /* BridgeButton.m in Sources */ = {isa = PBXBuildFile; fileRef = 848E11C01FB0758F0082A9AD /* BridgeButton.m */; };
/* End PBXBuildFile section */

/* Begin PBXFileReference section */
		848E11A21FB072550082A9AD /* BridgeButton.app */ = {isa = PBXFileReference; explicitFileType = wrapper.application; includeInIndex = 0; path = BridgeButton.app; sourceTree = BUILT_PRODUCTS_DIR; };
		848E11A51FB072550082A9AD /* AppDelegate.h */ = {isa = PBXFileReference; lastKnownFileType = sourcecode.c.h; path = AppDelegate.h; sourceTree = "<group>"; };
		848E11A61FB072550082A9AD /* AppDelegate.m */ = {isa = PBXFileReference; lastKnownFileType = sourcecode.c.objc; path = AppDelegate.m; sourceTree = "<group>"; };
		848E11A81FB072550082A9AD /* ViewController.h */ = {isa = PBXFileReference; lastKnownFileType = sourcecode.c.h; path = ViewController.h; sourceTree = "<group>"; };
		848E11A91FB072550082A9AD /* ViewController.m */ = {isa = PBXFileReference; lastKnownFileType = sourcecode.c.objc; path = ViewController.m; sourceTree = "<group>"; };
		848E11AC1FB072550082A9AD /* Base */ = {isa = PBXFileReference; lastKnownFileType = file.storyboard; name = Base; path = Base.lproj/Main.storyboard; sourceTree = "<group>"; };
		848E11AE1FB072550082A9AD /* Assets.xcassets */ = {isa = PBXFileReference; lastKnownFileType = folder.assetcatalog; path = Assets.xcassets; sourceTree = "<group>"; };
		848E11B11FB072550082A9AD /* Base */ = {isa = PBXFileReference; lastKnownFileType = file.storyboard; name = Base; path = Base.lproj/LaunchScreen.storyboard; sourceTree = "<group>"; };
		848E11B31FB072550082A9AD /* Info.plist */ = {isa = PBXFileReference; lastKnownFileType = text.plist.xml; path = Info.plist; sourceTree = "<group>"; };
		848E11B41FB072550082A9AD /* main.m */ = {isa = PBXFileReference; lastKnownFileType = sourcecode.c.objc; path = main.m; sourceTree = "<group>"; };
		848E11BC1FB073330082A9AD /* UIControl+BridgeButton.h */ = {isa = PBXFileReference; lastKnownFileType = sourcecode.c.h; path = "UIControl+BridgeButton.h"; sourceTree = "<group>"; };
		848E11BD1FB073330082A9AD /* UIControl+BridgeButton.m */ = {isa = PBXFileReference; lastKnownFileType = sourcecode.c.objc; path = "UIControl+BridgeButton.m"; sourceTree = "<group>"; };
		848E11BF1FB0758F0082A9AD /* BridgeButton.h */ = {isa = PBXFileReference; lastKnownFileType = sourcecode.c.h; path = BridgeButton.h; sourceTree = "<group>"; };
		848E11C01FB0758F0082A9AD /* BridgeButton.m */ = {isa = PBXFileReference; lastKnownFileType = sourcecode.c.objc; path = BridgeButton.m; sourceTree = "<group>"; };
/* End PBXFileReference section */

/* Begin PBXFrameworksBuildPhase section */
		848E119F1FB072550082A9AD /* Frameworks */ = {
			isa = PBXFrameworksBuildPhase;
			buildActionMask = 2147483647;
			files = (
			);
			runOnlyForDeploymentPostprocessing = 0;
		};
/* End PBXFrameworksBuildPhase section */

/* Begin PBXGroup section */
		848E11991FB072550082A9AD = {
			isa = PBXGroup;
			children = (
				848E11A41FB072550082A9AD /* BridgeButton */,
				848E11A31FB072550082A9AD /* Products */,
			);
			sourceTree = "<group>";
		};
		848E11A31FB072550082A9AD /* Products */ = {
			isa = PBXGroup;
			children = (
				848E11A21FB072550082A9AD /* BridgeButton.app */,
			);
			name = Products;
			sourceTree = "<group>";
		};
		848E11A41FB072550082A9AD /* BridgeButton */ = {
			isa = PBXGroup;
			children = (
				848E11BB1FB073000082A9AD /* Class */,
				848E11A51FB072550082A9AD /* AppDelegate.h */,
				848E11A61FB072550082A9AD /* AppDelegate.m */,
				848E11A81FB072550082A9AD /* ViewController.h */,
				848E11A91FB072550082A9AD /* ViewController.m */,
				848E11AB1FB072550082A9AD /* Main.storyboard */,
				848E11AE1FB072550082A9AD /* Assets.xcassets */,
				848E11B01FB072550082A9AD /* LaunchScreen.storyboard */,
				848E11B31FB072550082A9AD /* Info.plist */,
				848E11B41FB072550082A9AD /* main.m */,
			);
			path = BridgeButton;
			sourceTree = "<group>";
		};
		848E11BB1FB073000082A9AD /* Class */ = {
			isa = PBXGroup;
			children = (
				848E11BC1FB073330082A9AD /* UIControl+BridgeButton.h */,
				848E11BD1FB073330082A9AD /* UIControl+BridgeButton.m */,
				848E11BF1FB0758F0082A9AD /* BridgeButton.h */,
				848E11C01FB0758F0082A9AD /* BridgeButton.m */,
			);
			path = Class;
			sourceTree = "<group>";
		};
/* End PBXGroup section */

/* Begin PBXNativeTarget section */
		848E11A11FB072550082A9AD /* BridgeButton */ = {
			isa = PBXNativeTarget;
			buildConfigurationList = 848E11B81FB072550082A9AD /* Build configuration list for PBXNativeTarget "BridgeButton" */;
			buildPhases = (
				848E119E1FB072550082A9AD /* Sources */,
				848E119F1FB072550082A9AD /* Frameworks */,
				848E11A01FB072550082A9AD /* Resources */,
			);
			buildRules = (
			);
			dependencies = (
			);
			name = BridgeButton;
			productName = BridgeButton;
			productReference = 848E11A21FB072550082A9AD /* BridgeButton.app */;
			productType = "com.apple.product-type.application";
		};
/* End PBXNativeTarget section */

/* Begin PBXProject section */
		848E119A1FB072550082A9AD /* Project object */ = {
			isa = PBXProject;
			attributes = {
				LastUpgradeCheck = 0910;
				ORGANIZATIONNAME = Sundear;
				TargetAttributes = {
					848E11A11FB072550082A9AD = {
						CreatedOnToolsVersion = 9.1;
						ProvisioningStyle = Automatic;
					};
				};
			};
			buildConfigurationList = 848E119D1FB072550082A9AD /* Build configuration list for PBXProject "BridgeButton" */;
			compatibilityVersion = "Xcode 8.0";
			developmentRegion = en;
			hasScannedForEncodings = 0;
			knownRegions = (
				en,
				Base,
			);
			mainGroup = 848E11991FB072550082A9AD;
			productRefGroup = 848E11A31FB072550082A9AD /* Products */;
			projectDirPath = "";
			projectRoot = "";
			targets = (
				848E11A11FB072550082A9AD /* BridgeButton */,
			);
		};
/* End PBXProject section */

/* Begin PBXResourcesBuildPhase section */
		848E11A01FB072550082A9AD /* Resources */ = {
			isa = PBXResourcesBuildPhase;
			buildActionMask = 2147483647;
			files = (
				848E11B21FB072550082A9AD /* LaunchScreen.storyboard in Resources */,
				848E11AF1FB072550082A9AD /* Assets.xcassets in Resources */,
				848E11AD1FB072550082A9AD /* Main.storyboard in Resources */,
			);
			runOnlyForDeploymentPostprocessing = 0;
		};
/* End PBXResourcesBuildPhase section */

/* Begin PBXSourcesBuildPhase section */
		848E119E1FB072550082A9AD /* Sources */ = {
			isa = PBXSourcesBuildPhase;
			buildActionMask = 2147483647;
			files = (
				848E11C11FB0758F0082A9AD /* BridgeButton.m in Sources */,
				848E11BE1FB073330082A9AD /* UIControl+BridgeButton.m in Sources */,
				848E11AA1FB072550082A9AD /* ViewController.m in Sources */,
				848E11B51FB072550082A9AD /* main.m in Sources */,
				848E11A71FB072550082A9AD /* AppDelegate.m in Sources */,
			);
			runOnlyForDeploymentPostprocessing = 0;
		};
/* End PBXSourcesBuildPhase section */

/* Begin PBXVariantGroup section */
		848E11AB1FB072550082A9AD /* Main.storyboard */ = {
			isa = PBXVariantGroup;
			children = (
				848E11AC1FB072550082A9AD /* Base */,
			);
			name = Main.storyboard;
			sourceTree = "<group>";
		};
		848E11B01FB072550082A9AD /* LaunchScreen.storyboard */ = {
			isa = PBXVariantGroup;
			children = (
				848E11B11FB072550082A9AD /* Base */,
			);
			name = LaunchScreen.storyboard;
			sourceTree = "<group>";
		};
/* End PBXVariantGroup section */

/* Begin XCBuildConfiguration section */
		848E11B61FB072550082A9AD /* Debug */ = {
			isa = XCBuildConfiguration;
			buildSettings = {
				ALWAYS_SEARCH_USER_PATHS = NO;
				CLANG_ANALYZER_NONNULL = YES;
				CLANG_ANALYZER_NUMBER_OBJECT_CONVERSION = YES_AGGRESSIVE;
				CLANG_CXX_LANGUAGE_STANDARD = "gnu++14";
				CLANG_CXX_LIBRARY = "libc++";
				CLANG_ENABLE_MODULES = YES;
				CLANG_ENABLE_OBJC_ARC = YES;
				CLANG_WARN_BLOCK_CAPTURE_AUTORELEASING = YES;
				CLANG_WARN_BOOL_CONVERSION = YES;
				CLANG_WARN_COMMA = YES;
				CLANG_WARN_CONSTANT_CONVERSION = YES;
				CLANG_WARN_DIRECT_OBJC_ISA_USAGE = YES_ERROR;
				CLANG_WARN_DOCUMENTATION_COMMENTS = YES;
				CLANG_WARN_EMPTY_BODY = YES;
				CLANG_WARN_ENUM_CONVERSION = YES;
				CLANG_WARN_INFINITE_RECURSION = YES;
				CLANG_WARN_INT_CONVERSION = YES;
				CLANG_WARN_NON_LITERAL_NULL_CONVERSION = YES;
				CLANG_WARN_OBJC_LITERAL_CONVERSION = YES;
				CLANG_WARN_OBJC_ROOT_CLASS = YES_ERROR;
				CLANG_WARN_RANGE_LOOP_ANALYSIS = YES;
				CLANG_WARN_STRICT_PROTOTYPES = YES;
				CLANG_WARN_SUSPICIOUS_MOVE = YES;
				CLANG_WARN_UNGUARDED_AVAILABILITY = YES_AGGRESSIVE;
				CLANG_WARN_UNREACHABLE_CODE = YES;
				CLANG_WARN__DUPLICATE_METHOD_MATCH = YES;
				CODE_SIGN_IDENTITY = "iPhone Developer";
				COPY_PHASE_STRIP = NO;
				DEBUG_INFORMATION_FORMAT = dwarf;
				ENABLE_STRICT_OBJC_MSGSEND = YES;
				ENABLE_TESTABILITY = YES;
				GCC_C_LANGUAGE_STANDARD = gnu11;
				GCC_DYNAMIC_NO_PIC = NO;
				GCC_NO_COMMON_BLOCKS = YES;
				GCC_OPTIMIZATION_LEVEL = 0;
				GCC_PREPROCESSOR_DEFINITIONS = (
					"DEBUG=1",
					"$(inherited)",
				);
				GCC_WARN_64_TO_32_BIT_CONVERSION = YES;
				GCC_WARN_ABOUT_RETURN_TYPE = YES_ERROR;
				GCC_WARN_UNDECLARED_SELECTOR = YES;
				GCC_WARN_UNINITIALIZED_AUTOS = YES_AGGRESSIVE;
				GCC_WARN_UNUSED_FUNCTION = YES;
				GCC_WARN_UNUSED_VARIABLE = YES;
				IPHONEOS_DEPLOYMENT_TARGET = 11.1;
				MTL_ENABLE_DEBUG_INFO = YES;
				ONLY_ACTIVE_ARCH = YES;
				SDKROOT = iphoneos;
			};
			name = Debug;
		};
		848E11B71FB072550082A9AD /* Release */ = {
			isa = XCBuildConfiguration;
			buildSettings = {
				ALWAYS_SEARCH_USER_PATHS = NO;
				CLANG_ANALYZER_NONNULL = YES;
				CLANG_ANALYZER_NUMBER_OBJECT_CONVERSION = YES_AGGRESSIVE;
				CLANG_CXX_LANGUAGE_STANDARD = "gnu++14";
				CLANG_CXX_LIBRARY = "libc++";
				CLANG_ENABLE_MODULES = YES;
				CLANG_ENABLE_OBJC_ARC = YES;
				CLANG_WARN_BLOCK_CAPTURE_AUTORELEASING = YES;
				CLANG_WARN_BOOL_CONVERSION = YES;
				CLANG_WARN_COMMA = YES;
				CLANG_WARN_CONSTANT_CONVERSION = YES;
				CLANG_WARN_DIRECT_OBJC_ISA_USAGE = YES_ERROR;
				CLANG_WARN_DOCUMENTATION_COMMENTS = YES;
				CLANG_WARN_EMPTY_BODY = YES;
				CLANG_WARN_ENUM_CONVERSION = YES;
				CLANG_WARN_INFINITE_RECURSION = YES;
				CLANG_WARN_INT_CONVERSION = YES;
				CLANG_WARN_NON_LITERAL_NULL_CONVERSION = YES;
				CLANG_WARN_OBJC_LITERAL_CONVERSION = YES;
				CLANG_WARN_OBJC_ROOT_CLASS = YES_ERROR;
				CLANG_WARN_RANGE_LOOP_ANALYSIS = YES;
				CLANG_WARN_STRICT_PROTOTYPES = YES;
				CLANG_WARN_SUSPICIOUS_MOVE = YES;
				CLANG_WARN_UNGUARDED_AVAILABILITY = YES_AGGRESSIVE;
				CLANG_WARN_UNREACHABLE_CODE = YES;
				CLANG_WARN__DUPLICATE_METHOD_MATCH = YES;
				CODE_SIGN_IDENTITY = "iPhone Developer";
				COPY_PHASE_STRIP = NO;
				DEBUG_INFORMATION_FORMAT = "dwarf-with-dsym";
				ENABLE_NS_ASSERTIONS = NO;
				ENABLE_STRICT_OBJC_MSGSEND = YES;
				GCC_C_LANGUAGE_STANDARD = gnu11;
				GCC_NO_COMMON_BLOCKS = YES;
				GCC_WARN_64_TO_32_BIT_CONVERSION = YES;
				GCC_WARN_ABOUT_RETURN_TYPE = YES_ERROR;
				GCC_WARN_UNDECLARED_SELECTOR = YES;
				GCC_WARN_UNINITIALIZED_AUTOS = YES_AGGRESSIVE;
				GCC_WARN_UNUSED_FUNCTION = YES;
				GCC_WARN_UNUSED_VARIABLE = YES;
				IPHONEOS_DEPLOYMENT_TARGET = 11.1;
				MTL_ENABLE_DEBUG_INFO = NO;
				SDKROOT = iphoneos;
				VALIDATE_PRODUCT = YES;
			};
			name = Release;
		};
		848E11B91FB072550082A9AD /* Debug */ = {
			isa = XCBuildConfiguration;
			buildSettings = {
				ASSETCATALOG_COMPILER_APPICON_NAME = AppIcon;
				CODE_SIGN_STYLE = Automatic;
				INFOPLIST_FILE = BridgeButton/Info.plist;
				LD_RUNPATH_SEARCH_PATHS = "$(inherited) @executable_path/Frameworks";
				PRODUCT_BUNDLE_IDENTIFIER = com.sundear.BridgeButton;
				PRODUCT_NAME = "$(TARGET_NAME)";
				TARGETED_DEVICE_FAMILY = "1,2";
			};
			name = Debug;
		};
		848E11BA1FB072550082A9AD /* Release */ = {
			isa = XCBuildConfiguration;
			buildSettings = {
				ASSETCATALOG_COMPILER_APPICON_NAME = AppIcon;
				CODE_SIGN_STYLE = Automatic;
				INFOPLIST_FILE = BridgeButton/Info.plist;
				LD_RUNPATH_SEARCH_PATHS = "$(inherited) @executable_path/Frameworks";
				PRODUCT_BUNDLE_IDENTIFIER = com.sundear.BridgeButton;
				PRODUCT_NAME = "$(TARGET_NAME)";
				TARGETED_DEVICE_FAMILY = "1,2";
			};
			name = Release;
		};
/* End XCBuildConfiguration section */

/* Begin XCConfigurationList section */
		848E119D1FB072550082A9AD /* Build configuration list for PBXProject "BridgeButton" */ = {
			isa = XCConfigurationList;
			buildConfigurations = (
				848E11B61FB072550082A9AD /* Debug */,
				848E11B71FB072550082A9AD /* Release */,
			);
			defaultConfigurationIsVisible = 0;
			defaultConfigurationName = Release;
		};
		848E11B81FB072550082A9AD /* Build configuration list for PBXNativeTarget "BridgeButton" */ = {
			isa = XCConfigurationList;
			buildConfigurations = (
				848E11B91FB072550082A9AD /* Debug */,
				848E11BA1FB072550082A9AD /* Release */,
			);
			defaultConfigurationIsVisible = 0;
			defaultConfigurationName = Release;
		};
/* End XCConfigurationList section */
	};
	rootObject = 848E119A1FB072550082A9AD /* Project object */;
}
